
Microsoft Visual Studio Solution File, Format Version 12.00
# Visual Studio Version 17
VisualStudioVersion = 17.4.33122.133
MinimumVisualStudioVersion = 10.0.40219.1
Project("{FAE04EC0-301F-11D3-BF4B-00C04F79EFBC}") = "TASK.UNI.16", "TASK.UNI.16.csproj", "{96E01443-3EB2-4163-A334-A0E739669837}"
EndProject
Global
	GlobalSection(SolutionConfigurationPlatforms) = preSolution
		Debug|Any CPU = Debug|Any CPU
		Release|Any CPU = Release|Any CPU
	EndGlobalSection
	GlobalSection(ProjectConfigurationPlatforms) = postSolution
		{96E01443-3EB2-4163-A334-A0E739669837}.Debug|Any CPU.ActiveCfg = Debug|Any CPU
		{96E01443-3EB2-4163-A334-A0E739669837}.Debug|Any CPU.Build.0 = Debug|Any CPU
		{96E01443-3EB2-4163-A334-A0E739669837}.Release|Any CPU.ActiveCfg = Release|Any CPU
		{96E01443-3EB2-4163-A334-A0E739669837}.Release|Any CPU.Build.0 = Release|Any CPU
	EndGlobalSection
	GlobalSection(SolutionProperties) = preSolution
		HideSolutionNode = FALSE
	EndGlobalSection
	GlobalSection(ExtensibilityGlobals) = postSolution
		SolutionGuid = {8775983A-D765-4898-9262-DACC8024C64B}
	EndGlobalSection
EndGlobal
